PODS:
  - XMVerificationCodeInputView (0.1.5)

DEPENDENCIES:
  - XMVerificationCodeInputView (from `../`)

EXTERNAL SOURCES:
  XMVerificationCodeInputView:
    :path: "../"

SPEC CHECKSUMS:
  XMVerificationCodeInputView: 2bfe480fb2740e5fcab9a64a240156b94da0d929

PODFILE CHECKSUM: f64e0a56d214eb84d1d581dc2594e028a8e7b20c

COCOAPODS: 1.10.0
