PODS:
  - XMVerificationCodeInputView (0.1.0)

DEPENDENCIES:
  - XMVerificationCodeInputView (from `../`)

EXTERNAL SOURCES:
  XMVerificationCodeInputView:
    :path: "../"

SPEC CHECKSUMS:
  XMVerificationCodeInputView: f236164b26e63f5317894fb7e5ace1123c642a64

PODFILE CHECKSUM: f64e0a56d214eb84d1d581dc2594e028a8e7b20c

COCOAPODS: 1.9.1
